
Microsoft Visual Studio Solution File, Format Version 12.00
# Visual Studio Version 16
VisualStudioVersion = 16.0.30804.86
MinimumVisualStudioVersion = 10.0.40219.1
Project("{9A19103F-16F7-4668-BE54-9A1E7A4F7556}") = "SerilogWithElk", "SerilogWithElk\SerilogWithElk.csproj", "{77A41E43-DAEB-41FA-8ABB-CD5D2B8F4924}"
EndProject
Project("{2150E333-8FDC-42A3-9474-1A3956D46DE8}") = "docker-elk", "docker-elk", "{F0229DD4-4BE2-4F64-A129-04A4277A8B51}"
	ProjectSection(SolutionItems) = preProject
		docker-elk\docker-compose.yml = docker-elk\docker-compose.yml
	EndProjectSection
EndProject
Global
	GlobalSection(SolutionConfigurationPlatforms) = preSolution
		Debug|Any CPU = Debug|Any CPU
		Release|Any CPU = Release|Any CPU
	EndGlobalSection
	GlobalSection(ProjectConfigurationPlatforms) = postSolution
		{77A41E43-DAEB-41FA-8ABB-CD5D2B8F4924}.Debug|Any CPU.ActiveCfg = Debug|Any CPU
		{77A41E43-DAEB-41FA-8ABB-CD5D2B8F4924}.Debug|Any CPU.Build.0 = Debug|Any CPU
		{77A41E43-DAEB-41FA-8ABB-CD5D2B8F4924}.Release|Any CPU.ActiveCfg = Release|Any CPU
		{77A41E43-DAEB-41FA-8ABB-CD5D2B8F4924}.Release|Any CPU.Build.0 = Release|Any CPU
	EndGlobalSection
	GlobalSection(SolutionProperties) = preSolution
		HideSolutionNode = FALSE
	EndGlobalSection
	GlobalSection(ExtensibilityGlobals) = postSolution
		SolutionGuid = {E519CDE6-2AE5-41FE-86BA-126ADB75AED2}
	EndGlobalSection
EndGlobal
